PODS:
  - EaseMobSDK (2.2.5.1)

DEPENDENCIES:
  - EaseMobSDK (from `https://github.com/easemob/sdk-ios-cocoapods.git`)

EXTERNAL SOURCES:
  EaseMobSDK:
    :git: https://github.com/easemob/sdk-ios-cocoapods.git

CHECKOUT OPTIONS:
  EaseMobSDK:
    :commit: ed5e2d380ae1f182cfb96a3b7489e5cb194cf1de
    :git: https://github.com/easemob/sdk-ios-cocoapods.git

SPEC CHECKSUMS:
  EaseMobSDK: 2a2fff68bb639f045646ae210ff38866b4b35038

COCOAPODS: 0.39.0
